
Microsoft Visual Studio Solution File, Format Version 12.00
# Visual Studio Version 17
VisualStudioVersion = 17.7.34024.191
MinimumVisualStudioVersion = 10.0.40219.1
Project("{FAE04EC0-301F-11D3-BF4B-00C04F79EFBC}") = "StreamReader10.11", "StreamReader10.11\StreamReader10.11.csproj", "{488C4A9F-921D-4924-B9CB-919464F64685}"
EndProject
Global
	GlobalSection(SolutionConfigurationPlatforms) = preSolution
		Debug|Any CPU = Debug|Any CPU
		Release|Any CPU = Release|Any CPU
	EndGlobalSection
	GlobalSection(ProjectConfigurationPlatforms) = postSolution
		{488C4A9F-921D-4924-B9CB-919464F64685}.Debug|Any CPU.ActiveCfg = Debug|Any CPU
		{488C4A9F-921D-4924-B9CB-919464F64685}.Debug|Any CPU.Build.0 = Debug|Any CPU
		{488C4A9F-921D-4924-B9CB-919464F64685}.Release|Any CPU.ActiveCfg = Release|Any CPU
		{488C4A9F-921D-4924-B9CB-919464F64685}.Release|Any CPU.Build.0 = Release|Any CPU
	EndGlobalSection
	GlobalSection(SolutionProperties) = preSolution
		HideSolutionNode = FALSE
	EndGlobalSection
	GlobalSection(ExtensibilityGlobals) = postSolution
		SolutionGuid = {0F5CCCD4-FEFD-49E6-9357-A4F50CA15522}
	EndGlobalSection
EndGlobal
